
Microsoft Visual Studio Solution File, Format Version 12.00
# Visual Studio 15
VisualStudioVersion = 15.0.28010.2046
MinimumVisualStudioVersion = 10.0.40219.1
Project("{9A19103F-16F7-4668-BE54-9A1E7A4F7556}") = "PleaseGoogleHomeSkill_Csharp", "PleaseGoogleHomeSkill_Csharp\PleaseGoogleHomeSkill_Csharp.csproj", "{ED50A01E-DEC5-4ABD-A9C3-18AB9D40017E}"
EndProject
Global
	GlobalSection(SolutionConfigurationPlatforms) = preSolution
		Debug|Any CPU = Debug|Any CPU
		Release|Any CPU = Release|Any CPU
	EndGlobalSection
	GlobalSection(ProjectConfigurationPlatforms) = postSolution
		{ED50A01E-DEC5-4ABD-A9C3-18AB9D40017E}.Debug|Any CPU.ActiveCfg = Debug|Any CPU
		{ED50A01E-DEC5-4ABD-A9C3-18AB9D40017E}.Debug|Any CPU.Build.0 = Debug|Any CPU
		{ED50A01E-DEC5-4ABD-A9C3-18AB9D40017E}.Release|Any CPU.ActiveCfg = Release|Any CPU
		{ED50A01E-DEC5-4ABD-A9C3-18AB9D40017E}.Release|Any CPU.Build.0 = Release|Any CPU
	EndGlobalSection
	GlobalSection(SolutionProperties) = preSolution
		HideSolutionNode = FALSE
	EndGlobalSection
	GlobalSection(ExtensibilityGlobals) = postSolution
		SolutionGuid = {7FC8DDB8-FD4A-45BA-980B-A5F49844EB7D}
	EndGlobalSection
EndGlobal
